// !$*UTF8*$!
{
	archiveVersion = 1;
	classes = {
	};
	objectVersion = 51;
	objects = {

/* Begin PBXBuildFile section */
		A8509149267BFACB0008FF44 /* AppDelegate.swift in Sources */ = {isa = PBXBuildFile; fileRef = A8509148267BFACB0008FF44 /* AppDelegate.swift */; };
		A850914B267BFACB0008FF44 /* SceneDelegate.swift in Sources */ = {isa = PBXBuildFile; fileRef = A850914A267BFACB0008FF44 /* SceneDelegate.swift */; };
		A850914D267BFACB0008FF44 /* ViewController.swift in Sources */ = {isa = PBXBuildFile; fileRef = A850914C267BFACB0008FF44 /* ViewController.swift */; };
		A8509150267BFACB0008FF44 /* Main.storyboard in Resources */ = {isa = PBXBuildFile; fileRef = A850914E267BFACB0008FF44 /* Main.storyboard */; };
		A8509152267BFACD0008FF44 /* Assets.xcassets in Resources */ = {isa = PBXBuildFile; fileRef = A8509151267BFACD0008FF44 /* Assets.xcassets */; };
		A8509155267BFACD0008FF44 /* LaunchScreen.storyboard in Resources */ = {isa = PBXBuildFile; fileRef = A8509153267BFACD0008FF44 /* LaunchScreen.storyboard */; };
		A8509160267BFACD0008FF44 /* Devrank_ExerciseTests.swift in Sources */ = {isa = PBXBuildFile; fileRef = A850915F267BFACD0008FF44 /* Devrank_ExerciseTests.swift */; };
		A850916B267BFACD0008FF44 /* Devrank_ExerciseUITests.swift in Sources */ = {isa = PBXBuildFile; fileRef = A850916A267BFACD0008FF44 /* Devrank_ExerciseUITests.swift */; };
		A8509197267C75850008FF44 /* WSHelper.swift in Sources */ = {isa = PBXBuildFile; fileRef = A8509196267C75850008FF44 /* WSHelper.swift */; };
		A850919C267C75970008FF44 /* MoviesResponse.swift in Sources */ = {isa = PBXBuildFile; fileRef = A850919B267C75970008FF44 /* MoviesResponse.swift */; };
		A85091A1267C75C40008FF44 /* Movie.swift in Sources */ = {isa = PBXBuildFile; fileRef = A85091A0267C75C40008FF44 /* Movie.swift */; };
		A85091A6267C778A0008FF44 /* MovieDetail.swift in Sources */ = {isa = PBXBuildFile; fileRef = A85091A5267C778A0008FF44 /* MovieDetail.swift */; };
		A85091B1267D063F0008FF44 /* MoviesViewModel.swift in Sources */ = {isa = PBXBuildFile; fileRef = A85091B0267D063F0008FF44 /* MoviesViewModel.swift */; };
		A85091B7267D0E650008FF44 /* Extensions.swift in Sources */ = {isa = PBXBuildFile; fileRef = A85091B6267D0E650008FF44 /* Extensions.swift */; };
		A85091BD267D0E930008FF44 /* LoadingMoreCollectionViewCell.swift in Sources */ = {isa = PBXBuildFile; fileRef = A85091BB267D0E930008FF44 /* LoadingMoreCollectionViewCell.swift */; };
		A85091BE267D0E930008FF44 /* MoviesCollectionViewCell.swift in Sources */ = {isa = PBXBuildFile; fileRef = A85091BC267D0E930008FF44 /* MoviesCollectionViewCell.swift */; };
		A893F666267D924800E9F54A /* Genre.swift in Sources */ = {isa = PBXBuildFile; fileRef = A893F665267D924800E9F54A /* Genre.swift */; };
		A8A9EB15267D134800F7DB15 /* Localizable.strings in Resources */ = {isa = PBXBuildFile; fileRef = A8A9EB14267D134800F7DB15 /* Localizable.strings */; };
		A8A9EB1F267D1BBC00F7DB15 /* MovieDetailViewController.swift in Sources */ = {isa = PBXBuildFile; fileRef = A8A9EB1E267D1BBC00F7DB15 /* MovieDetailViewController.swift */; };
		A8A9EB25267D1BC900F7DB15 /* MovieDetailViewModel.swift in Sources */ = {isa = PBXBuildFile; fileRef = A8A9EB24267D1BC900F7DB15 /* MovieDetailViewModel.swift */; };
		A8A9EB2B267D381D00F7DB15 /* MovieListCollectionViewCell.xib in Resources */ = {isa = PBXBuildFile; fileRef = A8A9EB29267D381D00F7DB15 /* MovieListCollectionViewCell.xib */; };
		A8A9EB2C267D381D00F7DB15 /* MovieListCollectionViewCell.swift in Sources */ = {isa = PBXBuildFile; fileRef = A8A9EB2A267D381D00F7DB15 /* MovieListCollectionViewCell.swift */; };
		F0E93B882B2EA5BDE4A3EE9D /* Pods_Devrank_Exercise.framework in Frameworks */ = {isa = PBXBuildFile; fileRef = D980950E0CA476DFBEFDB02E /* Pods_Devrank_Exercise.framework */; };
/* End PBXBuildFile section */

/* Begin PBXContainerItemProxy section */
		A850915C267BFACD0008FF44 /* PBXContainerItemProxy */ = {
			isa = PBXContainerItemProxy;
			containerPortal = A850913D267BFACB0008FF44 /* Project object */;
			proxyType = 1;
			remoteGlobalIDString = A8509144267BFACB0008FF44;
			remoteInfo = Devrank_Exercise;
		};
		A8509167267BFACD0008FF44 /* PBXContainerItemProxy */ = {
			isa = PBXContainerItemProxy;
			containerPortal = A850913D267BFACB0008FF44 /* Project object */;
			proxyType = 1;
			remoteGlobalIDString = A8509144267BFACB0008FF44;
			remoteInfo = Devrank_Exercise;
		};
/* End PBXContainerItemProxy section */

/* Begin PBXFileReference section */
		77D08AB58235BD43F523559E /* Pods-Devrank_Exercise.release.xcconfig */ = {isa = PBXFileReference; includeInIndex = 1; lastKnownFileType = text.xcconfig; name = "Pods-Devrank_Exercise.release.xcconfig"; path = "Target Support Files/Pods-Devrank_Exercise/Pods-Devrank_Exercise.release.xcconfig"; sourceTree = "<group>"; };
		A8509145267BFACB0008FF44 /* Devrank_Exercise.app */ = {isa = PBXFileReference; explicitFileType = wrapper.application; includeInIndex = 0; path = Devrank_Exercise.app; sourceTree = BUILT_PRODUCTS_DIR; };
		A8509148267BFACB0008FF44 /* AppDelegate.swift */ = {isa = PBXFileReference; lastKnownFileType = sourcecode.swift; path = AppDelegate.swift; sourceTree = "<group>"; };
		A850914A267BFACB0008FF44 /* SceneDelegate.swift */ = {isa = PBXFileReference; lastKnownFileType = sourcecode.swift; path = SceneDelegate.swift; sourceTree = "<group>"; };
		A850914C267BFACB0008FF44 /* ViewController.swift */ = {isa = PBXFileReference; lastKnownFileType = sourcecode.swift; path = ViewController.swift; sourceTree = "<group>"; };
		A850914F267BFACB0008FF44 /* Base */ = {isa = PBXFileReference; lastKnownFileType = file.storyboard; name = Base; path = Base.lproj/Main.storyboard; sourceTree = "<group>"; };
		A8509151267BFACD0008FF44 /* Assets.xcassets */ = {isa = PBXFileReference; lastKnownFileType = folder.assetcatalog; path = Assets.xcassets; sourceTree = "<group>"; };
		A8509154267BFACD0008FF44 /* Base */ = {isa = PBXFileReference; lastKnownFileType = file.storyboard; name = Base; path = Base.lproj/LaunchScreen.storyboard; sourceTree = "<group>"; };
		A8509156267BFACD0008FF44 /* Info.plist */ = {isa = PBXFileReference; lastKnownFileType = text.plist.xml; path = Info.plist; sourceTree = "<group>"; };
		A850915B267BFACD0008FF44 /* Devrank_ExerciseTests.xctest */ = {isa = PBXFileReference; explicitFileType = wrapper.cfbundle; includeInIndex = 0; path = Devrank_ExerciseTests.xctest; sourceTree = BUILT_PRODUCTS_DIR; };
		A850915F267BFACD0008FF44 /* Devrank_ExerciseTests.swift */ = {isa = PBXFileReference; lastKnownFileType = sourcecode.swift; path = Devrank_ExerciseTests.swift; sourceTree = "<group>"; };
		A8509161267BFACD0008FF44 /* Info.plist */ = {isa = PBXFileReference; lastKnownFileType = text.plist.xml; path = Info.plist; sourceTree = "<group>"; };
		A8509166267BFACD0008FF44 /* Devrank_ExerciseUITests.xctest */ = {isa = PBXFileReference; explicitFileType = wrapper.cfbundle; includeInIndex = 0; path = Devrank_ExerciseUITests.xctest; sourceTree = BUILT_PRODUCTS_DIR; };
		A850916A267BFACD0008FF44 /* Devrank_ExerciseUITests.swift */ = {isa = PBXFileReference; lastKnownFileType = sourcecode.swift; path = Devrank_ExerciseUITests.swift; sourceTree = "<group>"; };
		A850916C267BFACD0008FF44 /* Info.plist */ = {isa = PBXFileReference; lastKnownFileType = text.plist.xml; path = Info.plist; sourceTree = "<group>"; };
		A8509196267C75850008FF44 /* WSHelper.swift */ = {isa = PBXFileReference; fileEncoding = 4; lastKnownFileType = sourcecode.swift; path = WSHelper.swift; sourceTree = "<group>"; };
		A850919B267C75970008FF44 /* MoviesResponse.swift */ = {isa = PBXFileReference; fileEncoding = 4; lastKnownFileType = sourcecode.swift; path = MoviesResponse.swift; sourceTree = "<group>"; };
		A85091A0267C75C40008FF44 /* Movie.swift */ = {isa = PBXFileReference; fileEncoding = 4; lastKnownFileType = sourcecode.swift; path = Movie.swift; sourceTree = "<group>"; };
		A85091A5267C778A0008FF44 /* MovieDetail.swift */ = {isa = PBXFileReference; fileEncoding = 4; lastKnownFileType = sourcecode.swift; path = MovieDetail.swift; sourceTree = "<group>"; };
		A85091B0267D063F0008FF44 /* MoviesViewModel.swift */ = {isa = PBXFileReference; fileEncoding = 4; lastKnownFileType = sourcecode.swift; path = MoviesViewModel.swift; sourceTree = "<group>"; };
		A85091B6267D0E650008FF44 /* Extensions.swift */ = {isa = PBXFileReference; fileEncoding = 4; lastKnownFileType = sourcecode.swift; path = Extensions.swift; sourceTree = "<group>"; };
		A85091BB267D0E930008FF44 /* LoadingMoreCollectionViewCell.swift */ = {isa = PBXFileReference; fileEncoding = 4; lastKnownFileType = sourcecode.swift; path = LoadingMoreCollectionViewCell.swift; sourceTree = "<group>"; };
		A85091BC267D0E930008FF44 /* MoviesCollectionViewCell.swift */ = {isa = PBXFileReference; fileEncoding = 4; lastKnownFileType = sourcecode.swift; path = MoviesCollectionViewCell.swift; sourceTree = "<group>"; };
		A893F665267D924800E9F54A /* Genre.swift */ = {isa = PBXFileReference; lastKnownFileType = sourcecode.swift; path = Genre.swift; sourceTree = "<group>"; };
		A8A9EB14267D134800F7DB15 /* Localizable.strings */ = {isa = PBXFileReference; fileEncoding = 4; lastKnownFileType = text.plist.strings; path = Localizable.strings; sourceTree = "<group>"; };
		A8A9EB19267D136200F7DB15 /* es-419 */ = {isa = PBXFileReference; lastKnownFileType = text.plist.strings; name = "es-419"; path = "es-419.lproj/Main.strings"; sourceTree = "<group>"; };
		A8A9EB1A267D136200F7DB15 /* es-419 */ = {isa = PBXFileReference; lastKnownFileType = text.plist.strings; name = "es-419"; path = "es-419.lproj/LaunchScreen.strings"; sourceTree = "<group>"; };
		A8A9EB1E267D1BBC00F7DB15 /* MovieDetailViewController.swift */ = {isa = PBXFileReference; fileEncoding = 4; lastKnownFileType = sourcecode.swift; path = MovieDetailViewController.swift; sourceTree = "<group>"; };
		A8A9EB24267D1BC900F7DB15 /* MovieDetailViewModel.swift */ = {isa = PBXFileReference; fileEncoding = 4; lastKnownFileType = sourcecode.swift; path = MovieDetailViewModel.swift; sourceTree = "<group>"; };
		A8A9EB29267D381D00F7DB15 /* MovieListCollectionViewCell.xib */ = {isa = PBXFileReference; fileEncoding = 4; lastKnownFileType = file.xib; path = MovieListCollectionViewCell.xib; sourceTree = "<group>"; };
		A8A9EB2A267D381D00F7DB15 /* MovieListCollectionViewCell.swift */ = {isa = PBXFileReference; fileEncoding = 4; lastKnownFileType = sourcecode.swift; path = MovieListCollectionViewCell.swift; sourceTree = "<group>"; };
		D980950E0CA476DFBEFDB02E /* Pods_Devrank_Exercise.framework */ = {isa = PBXFileReference; explicitFileType = wrapper.framework; includeInIndex = 0; path = Pods_Devrank_Exercise.framework; sourceTree = BUILT_PRODUCTS_DIR; };
		E18505461506E2760D36E433 /* Pods-Devrank_Exercise.debug.xcconfig */ = {isa = PBXFileReference; includeInIndex = 1; lastKnownFileType = text.xcconfig; name = "Pods-Devrank_Exercise.debug.xcconfig"; path = "Target Support Files/Pods-Devrank_Exercise/Pods-Devrank_Exercise.debug.xcconfig"; sourceTree = "<group>"; };
/* End PBXFileReference section */

/* Begin PBXFrameworksBuildPhase section */
		A8509142267BFACB0008FF44 /* Frameworks */ = {
			isa = PBXFrameworksBuildPhase;
			buildActionMask = 2147483647;
			files = (
				F0E93B882B2EA5BDE4A3EE9D /* Pods_Devrank_Exercise.framework in Frameworks */,
			);
			runOnlyForDeploymentPostprocessing = 0;
		};
		A8509158267BFACD0008FF44 /* Frameworks */ = {
			isa = PBXFrameworksBuildPhase;
			buildActionMask = 2147483647;
			files = (
			);
			runOnlyForDeploymentPostprocessing = 0;
		};
		A8509163267BFACD0008FF44 /* Frameworks */ = {
			isa = PBXFrameworksBuildPhase;
			buildActionMask = 2147483647;
			files = (
			);
			runOnlyForDeploymentPostprocessing = 0;
		};
/* End PBXFrameworksBuildPhase section */

/* Begin PBXGroup section */
		A850913C267BFACB0008FF44 = {
			isa = PBXGroup;
			children = (
				A8509147267BFACB0008FF44 /* Devrank_Exercise */,
				A8A9EB14267D134800F7DB15 /* Localizable.strings */,
				A850915E267BFACD0008FF44 /* Devrank_ExerciseTests */,
				A8509169267BFACD0008FF44 /* Devrank_ExerciseUITests */,
				A8509146267BFACB0008FF44 /* Products */,
				C79C754A2C0DEBD8DB4981EC /* Pods */,
				B01234C23EEA7869E8152E4A /* Frameworks */,
			);
			sourceTree = "<group>";
		};
		A8509146267BFACB0008FF44 /* Products */ = {
			isa = PBXGroup;
			children = (
				A8509145267BFACB0008FF44 /* Devrank_Exercise.app */,
				A850915B267BFACD0008FF44 /* Devrank_ExerciseTests.xctest */,
				A8509166267BFACD0008FF44 /* Devrank_ExerciseUITests.xctest */,
			);
			name = Products;
			sourceTree = "<group>";
		};
		A8509147267BFACB0008FF44 /* Devrank_Exercise */ = {
			isa = PBXGroup;
			children = (
				A85091B5267D0E560008FF44 /* Extensions */,
				A85091AB267C799E0008FF44 /* MovieDetail */,
				A85091AA267C79930008FF44 /* Movies */,
				A8509193267C74380008FF44 /* Network */,
				A8509148267BFACB0008FF44 /* AppDelegate.swift */,
				A850914A267BFACB0008FF44 /* SceneDelegate.swift */,
				A850914E267BFACB0008FF44 /* Main.storyboard */,
				A8509151267BFACD0008FF44 /* Assets.xcassets */,
				A8509153267BFACD0008FF44 /* LaunchScreen.storyboard */,
				A8509156267BFACD0008FF44 /* Info.plist */,
			);
			path = Devrank_Exercise;
			sourceTree = "<group>";
		};
		A850915E267BFACD0008FF44 /* Devrank_ExerciseTests */ = {
			isa = PBXGroup;
			children = (
				A850915F267BFACD0008FF44 /* Devrank_ExerciseTests.swift */,
				A8509161267BFACD0008FF44 /* Info.plist */,
			);
			path = Devrank_ExerciseTests;
			sourceTree = "<group>";
		};
		A8509169267BFACD0008FF44 /* Devrank_ExerciseUITests */ = {
			isa = PBXGroup;
			children = (
				A850916A267BFACD0008FF44 /* Devrank_ExerciseUITests.swift */,
				A850916C267BFACD0008FF44 /* Info.plist */,
			);
			path = Devrank_ExerciseUITests;
			sourceTree = "<group>";
		};
		A8509193267C74380008FF44 /* Network */ = {
			isa = PBXGroup;
			children = (
				A8509196267C75850008FF44 /* WSHelper.swift */,
				A8509195267C74970008FF44 /* Models */,
				A8509194267C74820008FF44 /* Responses */,
			);
			path = Network;
			sourceTree = "<group>";
		};
		A8509194267C74820008FF44 /* Responses */ = {
			isa = PBXGroup;
			children = (
				A850919B267C75970008FF44 /* MoviesResponse.swift */,
			);
			path = Responses;
			sourceTree = "<group>";
		};
		A8509195267C74970008FF44 /* Models */ = {
			isa = PBXGroup;
			children = (
				A85091A5267C778A0008FF44 /* MovieDetail.swift */,
				A85091A0267C75C40008FF44 /* Movie.swift */,
				A893F665267D924800E9F54A /* Genre.swift */,
			);
			path = Models;
			sourceTree = "<group>";
		};
		A85091AA267C79930008FF44 /* Movies */ = {
			isa = PBXGroup;
			children = (
				A85091AF267D06330008FF44 /* ViewModel */,
				A850914C267BFACB0008FF44 /* ViewController.swift */,
				A85091BB267D0E930008FF44 /* LoadingMoreCollectionViewCell.swift */,
				A85091BC267D0E930008FF44 /* MoviesCollectionViewCell.swift */,
				A8A9EB2A267D381D00F7DB15 /* MovieListCollectionViewCell.swift */,
				A8A9EB29267D381D00F7DB15 /* MovieListCollectionViewCell.xib */,
			);
			path = Movies;
			sourceTree = "<group>";
		};
		A85091AB267C799E0008FF44 /* MovieDetail */ = {
			isa = PBXGroup;
			children = (
				A8A9EB23267D1BBE00F7DB15 /* ViewModel */,
				A8A9EB1E267D1BBC00F7DB15 /* MovieDetailViewController.swift */,
			);
			path = MovieDetail;
			sourceTree = "<group>";
		};
		A85091AF267D06330008FF44 /* ViewModel */ = {
			isa = PBXGroup;
			children = (
				A85091B0267D063F0008FF44 /* MoviesViewModel.swift */,
			);
			path = ViewModel;
			sourceTree = "<group>";
		};
		A85091B5267D0E560008FF44 /* Extensions */ = {
			isa = PBXGroup;
			children = (
				A85091B6267D0E650008FF44 /* Extensions.swift */,
			);
			path = Extensions;
			sourceTree = "<group>";
		};
		A8A9EB23267D1BBE00F7DB15 /* ViewModel */ = {
			isa = PBXGroup;
			children = (
				A8A9EB24267D1BC900F7DB15 /* MovieDetailViewModel.swift */,
			);
			path = ViewModel;
			sourceTree = "<group>";
		};
		B01234C23EEA7869E8152E4A /* Frameworks */ = {
			isa = PBXGroup;
			children = (
				D980950E0CA476DFBEFDB02E /* Pods_Devrank_Exercise.framework */,
			);
			name = Frameworks;
			sourceTree = "<group>";
		};
		C79C754A2C0DEBD8DB4981EC /* Pods */ = {
			isa = PBXGroup;
			children = (
				E18505461506E2760D36E433 /* Pods-Devrank_Exercise.debug.xcconfig */,
				77D08AB58235BD43F523559E /* Pods-Devrank_Exercise.release.xcconfig */,
			);
			path = Pods;
			sourceTree = "<group>";
		};
/* End PBXGroup section */

/* Begin PBXNativeTarget section */
		A8509144267BFACB0008FF44 /* Devrank_Exercise */ = {
			isa = PBXNativeTarget;
			buildConfigurationList = A850916F267BFACD0008FF44 /* Build configuration list for PBXNativeTarget "Devrank_Exercise" */;
			buildPhases = (
				FB62305F7F3BB1A094C57FF7 /* [CP] Check Pods Manifest.lock */,
				A8509141267BFACB0008FF44 /* Sources */,
				A8509142267BFACB0008FF44 /* Frameworks */,
				A8509143267BFACB0008FF44 /* Resources */,
				61DF47C4221BEED0CEA49F8D /* [CP] Embed Pods Frameworks */,
			);
			buildRules = (
			);
			dependencies = (
			);
			name = Devrank_Exercise;
			productName = Devrank_Exercise;
			productReference = A8509145267BFACB0008FF44 /* Devrank_Exercise.app */;
			productType = "com.apple.product-type.application";
		};
		A850915A267BFACD0008FF44 /* Devrank_ExerciseTests */ = {
			isa = PBXNativeTarget;
			buildConfigurationList = A8509172267BFACD0008FF44 /* Build configuration list for PBXNativeTarget "Devrank_ExerciseTests" */;
			buildPhases = (
				A8509157267BFACD0008FF44 /* Sources */,
				A8509158267BFACD0008FF44 /* Frameworks */,
				A8509159267BFACD0008FF44 /* Resources */,
			);
			buildRules = (
			);
			dependencies = (
				A850915D267BFACD0008FF44 /* PBXTargetDependency */,
			);
			name = Devrank_ExerciseTests;
			productName = Devrank_ExerciseTests;
			productReference = A850915B267BFACD0008FF44 /* Devrank_ExerciseTests.xctest */;
			productType = "com.apple.product-type.bundle.unit-test";
		};
		A8509165267BFACD0008FF44 /* Devrank_ExerciseUITests */ = {
			isa = PBXNativeTarget;
			buildConfigurationList = A8509175267BFACD0008FF44 /* Build configuration list for PBXNativeTarget "Devrank_ExerciseUITests" */;
			buildPhases = (
				A8509162267BFACD0008FF44 /* Sources */,
				A8509163267BFACD0008FF44 /* Frameworks */,
				A8509164267BFACD0008FF44 /* Resources */,
			);
			buildRules = (
			);
			dependencies = (
				A8509168267BFACD0008FF44 /* PBXTargetDependency */,
			);
			name = Devrank_ExerciseUITests;
			productName = Devrank_ExerciseUITests;
			productReference = A8509166267BFACD0008FF44 /* Devrank_ExerciseUITests.xctest */;
			productType = "com.apple.product-type.bundle.ui-testing";
		};
/* End PBXNativeTarget section */

/* Begin PBXProject section */
		A850913D267BFACB0008FF44 /* Project object */ = {
			isa = PBXProject;
			attributes = {
				LastSwiftUpdateCheck = 1230;
				LastUpgradeCheck = 1230;
				TargetAttributes = {
					A8509144267BFACB0008FF44 = {
						CreatedOnToolsVersion = 12.3;
					};
					A850915A267BFACD0008FF44 = {
						CreatedOnToolsVersion = 12.3;
						TestTargetID = A8509144267BFACB0008FF44;
					};
					A8509165267BFACD0008FF44 = {
						CreatedOnToolsVersion = 12.3;
						TestTargetID = A8509144267BFACB0008FF44;
					};
				};
			};
			buildConfigurationList = A8509140267BFACB0008FF44 /* Build configuration list for PBXProject "Devrank_Exercise" */;
			compatibilityVersion = "Xcode 9.3";
			developmentRegion = en;
			hasScannedForEncodings = 0;
			knownRegions = (
				en,
				Base,
				"es-419",
			);
			mainGroup = A850913C267BFACB0008FF44;
			productRefGroup = A8509146267BFACB0008FF44 /* Products */;
			projectDirPath = "";
			projectRoot = "";
			targets = (
				A8509144267BFACB0008FF44 /* Devrank_Exercise */,
				A850915A267BFACD0008FF44 /* Devrank_ExerciseTests */,
				A8509165267BFACD0008FF44 /* Devrank_ExerciseUITests */,
			);
		};
/* End PBXProject section */

/* Begin PBXResourcesBuildPhase section */
		A8509143267BFACB0008FF44 /* Resources */ = {
			isa = PBXResourcesBuildPhase;
			buildActionMask = 2147483647;
			files = (
				A8509155267BFACD0008FF44 /* LaunchScreen.storyboard in Resources */,
				A8A9EB15267D134800F7DB15 /* Localizable.strings in Resources */,
				A8509152267BFACD0008FF44 /* Assets.xcassets in Resources */,
				A8509150267BFACB0008FF44 /* Main.storyboard in Resources */,
				A8A9EB2B267D381D00F7DB15 /* MovieListCollectionViewCell.xib in Resources */,
			);
			runOnlyForDeploymentPostprocessing = 0;
		};
		A8509159267BFACD0008FF44 /* Resources */ = {
			isa = PBXResourcesBuildPhase;
			buildActionMask = 2147483647;
			files = (
			);
			runOnlyForDeploymentPostprocessing = 0;
		};
		A8509164267BFACD0008FF44 /* Resources */ = {
			isa = PBXResourcesBuildPhase;
			buildActionMask = 2147483647;
			files = (
			);
			runOnlyForDeploymentPostprocessing = 0;
		};
/* End PBXResourcesBuildPhase section */

/* Begin PBXShellScriptBuildPhase section */
		61DF47C4221BEED0CEA49F8D /* [CP] Embed Pods Frameworks */ = {
			isa = PBXShellScriptBuildPhase;
			buildActionMask = 2147483647;
			files = (
			);
			inputFileListPaths = (
				"${PODS_ROOT}/Target Support Files/Pods-Devrank_Exercise/Pods-Devrank_Exercise-frameworks-${CONFIGURATION}-input-files.xcfilelist",
			);
			name = "[CP] Embed Pods Frameworks";
			outputFileListPaths = (
				"${PODS_ROOT}/Target Support Files/Pods-Devrank_Exercise/Pods-Devrank_Exercise-frameworks-${CONFIGURATION}-output-files.xcfilelist",
			);
			runOnlyForDeploymentPostprocessing = 0;
			shellPath = /bin/sh;
			shellScript = "\"${PODS_ROOT}/Target Support Files/Pods-Devrank_Exercise/Pods-Devrank_Exercise-frameworks.sh\"\n";
			showEnvVarsInLog = 0;
		};
		FB62305F7F3BB1A094C57FF7 /* [CP] Check Pods Manifest.lock */ = {
			isa = PBXShellScriptBuildPhase;
			buildActionMask = 2147483647;
			files = (
			);
			inputFileListPaths = (
			);
			inputPaths = (
				"${PODS_PODFILE_DIR_PATH}/Podfile.lock",
				"${PODS_ROOT}/Manifest.lock",
			);
			name = "[CP] Check Pods Manifest.lock";
			outputFileListPaths = (
			);
			outputPaths = (
				"$(DERIVED_FILE_DIR)/Pods-Devrank_Exercise-checkManifestLockResult.txt",
			);
			runOnlyForDeploymentPostprocessing = 0;
			shellPath = /bin/sh;
			shellScript = "diff \"${PODS_PODFILE_DIR_PATH}/Podfile.lock\" \"${PODS_ROOT}/Manifest.lock\" > /dev/null\nif [ $? != 0 ] ; then\n    # print error to STDERR\n    echo \"error: The sandbox is not in sync with the Podfile.lock. Run 'pod install' or update your CocoaPods installation.\" >&2\n    exit 1\nfi\n# This output is used by Xcode 'outputs' to avoid re-running this script phase.\necho \"SUCCESS\" > \"${SCRIPT_OUTPUT_FILE_0}\"\n";
			showEnvVarsInLog = 0;
		};
/* End PBXShellScriptBuildPhase section */

/* Begin PBXSourcesBuildPhase section */
		A8509141267BFACB0008FF44 /* Sources */ = {
			isa = PBXSourcesBuildPhase;
			buildActionMask = 2147483647;
			files = (
				A850914D267BFACB0008FF44 /* ViewController.swift in Sources */,
				A85091B7267D0E650008FF44 /* Extensions.swift in Sources */,
				A85091BE267D0E930008FF44 /* MoviesCollectionViewCell.swift in Sources */,
				A85091A6267C778A0008FF44 /* MovieDetail.swift in Sources */,
				A8A9EB1F267D1BBC00F7DB15 /* MovieDetailViewController.swift in Sources */,
				A8A9EB25267D1BC900F7DB15 /* MovieDetailViewModel.swift in Sources */,
				A8509149267BFACB0008FF44 /* AppDelegate.swift in Sources */,
				A8A9EB2C267D381D00F7DB15 /* MovieListCollectionViewCell.swift in Sources */,
				A85091A1267C75C40008FF44 /* Movie.swift in Sources */,
				A893F666267D924800E9F54A /* Genre.swift in Sources */,
				A850919C267C75970008FF44 /* MoviesResponse.swift in Sources */,
				A85091BD267D0E930008FF44 /* LoadingMoreCollectionViewCell.swift in Sources */,
				A850914B267BFACB0008FF44 /* SceneDelegate.swift in Sources */,
				A8509197267C75850008FF44 /* WSHelper.swift in Sources */,
				A85091B1267D063F0008FF44 /* MoviesViewModel.swift in Sources */,
			);
			runOnlyForDeploymentPostprocessing = 0;
		};
		A8509157267BFACD0008FF44 /* Sources */ = {
			isa = PBXSourcesBuildPhase;
			buildActionMask = 2147483647;
			files = (
				A8509160267BFACD0008FF44 /* Devrank_ExerciseTests.swift in Sources */,
			);
			runOnlyForDeploymentPostprocessing = 0;
		};
		A8509162267BFACD0008FF44 /* Sources */ = {
			isa = PBXSourcesBuildPhase;
			buildActionMask = 2147483647;
			files = (
				A850916B267BFACD0008FF44 /* Devrank_ExerciseUITests.swift in Sources */,
			);
			runOnlyForDeploymentPostprocessing = 0;
		};
/* End PBXSourcesBuildPhase section */

/* Begin PBXTargetDependency section */
		A850915D267BFACD0008FF44 /* PBXTargetDependency */ = {
			isa = PBXTargetDependency;
			target = A8509144267BFACB0008FF44 /* Devrank_Exercise */;
			targetProxy = A850915C267BFACD0008FF44 /* PBXContainerItemProxy */;
		};
		A8509168267BFACD0008FF44 /* PBXTargetDependency */ = {
			isa = PBXTargetDependency;
			target = A8509144267BFACB0008FF44 /* Devrank_Exercise */;
			targetProxy = A8509167267BFACD0008FF44 /* PBXContainerItemProxy */;
		};
/* End PBXTargetDependency section */

/* Begin PBXVariantGroup section */
		A850914E267BFACB0008FF44 /* Main.storyboard */ = {
			isa = PBXVariantGroup;
			children = (
				A850914F267BFACB0008FF44 /* Base */,
				A8A9EB19267D136200F7DB15 /* es-419 */,
			);
			name = Main.storyboard;
			sourceTree = "<group>";
		};
		A8509153267BFACD0008FF44 /* LaunchScreen.storyboard */ = {
			isa = PBXVariantGroup;
			children = (
				A8509154267BFACD0008FF44 /* Base */,
				A8A9EB1A267D136200F7DB15 /* es-419 */,
			);
			name = LaunchScreen.storyboard;
			sourceTree = "<group>";
		};
/* End PBXVariantGroup section */

/* Begin XCBuildConfiguration section */
		A850916D267BFACD0008FF44 /* Debug */ = {
			isa = XCBuildConfiguration;
			buildSettings = {
				ALWAYS_SEARCH_USER_PATHS = NO;
				CLANG_ANALYZER_LOCALIZABILITY_NONLOCALIZED = YES;
				CLANG_ANALYZER_NONNULL = YES;
				CLANG_ANALYZER_NUMBER_OBJECT_CONVERSION = YES_AGGRESSIVE;
				CLANG_CXX_LANGUAGE_STANDARD = "gnu++14";
				CLANG_CXX_LIBRARY = "libc++";
				CLANG_ENABLE_MODULES = YES;
				CLANG_ENABLE_OBJC_ARC = YES;
				CLANG_ENABLE_OBJC_WEAK = YES;
				CLANG_WARN_BLOCK_CAPTURE_AUTORELEASING = YES;
				CLANG_WARN_BOOL_CONVERSION = YES;
				CLANG_WARN_COMMA = YES;
				CLANG_WARN_CONSTANT_CONVERSION = YES;
				CLANG_WARN_DEPRECATED_OBJC_IMPLEMENTATIONS = YES;
				CLANG_WARN_DIRECT_OBJC_ISA_USAGE = YES_ERROR;
				CLANG_WARN_DOCUMENTATION_COMMENTS = YES;
				CLANG_WARN_EMPTY_BODY = YES;
				CLANG_WARN_ENUM_CONVERSION = YES;
				CLANG_WARN_INFINITE_RECURSION = YES;
				CLANG_WARN_INT_CONVERSION = YES;
				CLANG_WARN_NON_LITERAL_NULL_CONVERSION = YES;
				CLANG_WARN_OBJC_IMPLICIT_RETAIN_SELF = YES;
				CLANG_WARN_OBJC_LITERAL_CONVERSION = YES;
				CLANG_WARN_OBJC_ROOT_CLASS = YES_ERROR;
				CLANG_WARN_QUOTED_INCLUDE_IN_FRAMEWORK_HEADER = YES;
				CLANG_WARN_RANGE_LOOP_ANALYSIS = YES;
				CLANG_WARN_STRICT_PROTOTYPES = YES;
				CLANG_WARN_SUSPICIOUS_MOVE = YES;
				CLANG_WARN_UNGUARDED_AVAILABILITY = YES_AGGRESSIVE;
				CLANG_WARN_UNREACHABLE_CODE = YES;
				CLANG_WARN__DUPLICATE_METHOD_MATCH = YES;
				COPY_PHASE_STRIP = NO;
				DEBUG_INFORMATION_FORMAT = dwarf;
				ENABLE_STRICT_OBJC_MSGSEND = YES;
				ENABLE_TESTABILITY = YES;
				GCC_C_LANGUAGE_STANDARD = gnu11;
				GCC_DYNAMIC_NO_PIC = NO;
				GCC_NO_COMMON_BLOCKS = YES;
				GCC_OPTIMIZATION_LEVEL = 0;
				GCC_PREPROCESSOR_DEFINITIONS = (
					"DEBUG=1",
					"$(inherited)",
				);
				GCC_WARN_64_TO_32_BIT_CONVERSION = YES;
				GCC_WARN_ABOUT_RETURN_TYPE = YES_ERROR;
				GCC_WARN_UNDECLARED_SELECTOR = YES;
				GCC_WARN_UNINITIALIZED_AUTOS = YES_AGGRESSIVE;
				GCC_WARN_UNUSED_FUNCTION = YES;
				GCC_WARN_UNUSED_VARIABLE = YES;
				IPHONEOS_DEPLOYMENT_TARGET = 14.3;
				MTL_ENABLE_DEBUG_INFO = INCLUDE_SOURCE;
				MTL_FAST_MATH = YES;
				ONLY_ACTIVE_ARCH = YES;
				SDKROOT = iphoneos;
				SWIFT_ACTIVE_COMPILATION_CONDITIONS = DEBUG;
				SWIFT_OPTIMIZATION_LEVEL = "-Onone";
			};
			name = Debug;
		};
		A850916E267BFACD0008FF44 /* Release */ = {
			isa = XCBuildConfiguration;
			buildSettings = {
				ALWAYS_SEARCH_USER_PATHS = NO;
				CLANG_ANALYZER_LOCALIZABILITY_NONLOCALIZED = YES;
				CLANG_ANALYZER_NONNULL = YES;
				CLANG_ANALYZER_NUMBER_OBJECT_CONVERSION = YES_AGGRESSIVE;
				CLANG_CXX_LANGUAGE_STANDARD = "gnu++14";
				CLANG_CXX_LIBRARY = "libc++";
				CLANG_ENABLE_MODULES = YES;
				CLANG_ENABLE_OBJC_ARC = YES;
				CLANG_ENABLE_OBJC_WEAK = YES;
				CLANG_WARN_BLOCK_CAPTURE_AUTORELEASING = YES;
				CLANG_WARN_BOOL_CONVERSION = YES;
				CLANG_WARN_COMMA = YES;
				CLANG_WARN_CONSTANT_CONVERSION = YES;
				CLANG_WARN_DEPRECATED_OBJC_IMPLEMENTATIONS = YES;
				CLANG_WARN_DIRECT_OBJC_ISA_USAGE = YES_ERROR;
				CLANG_WARN_DOCUMENTATION_COMMENTS = YES;
				CLANG_WARN_EMPTY_BODY = YES;
				CLANG_WARN_ENUM_CONVERSION = YES;
				CLANG_WARN_INFINITE_RECURSION = YES;
				CLANG_WARN_INT_CONVERSION = YES;
				CLANG_WARN_NON_LITERAL_NULL_CONVERSION = YES;
				CLANG_WARN_OBJC_IMPLICIT_RETAIN_SELF = YES;
				CLANG_WARN_OBJC_LITERAL_CONVERSION = YES;
				CLANG_WARN_OBJC_ROOT_CLASS = YES_ERROR;
				CLANG_WARN_QUOTED_INCLUDE_IN_FRAMEWORK_HEADER = YES;
				CLANG_WARN_RANGE_LOOP_ANALYSIS = YES;
				CLANG_WARN_STRICT_PROTOTYPES = YES;
				CLANG_WARN_SUSPICIOUS_MOVE = YES;
				CLANG_WARN_UNGUARDED_AVAILABILITY = YES_AGGRESSIVE;
				CLANG_WARN_UNREACHABLE_CODE = YES;
				CLANG_WARN__DUPLICATE_METHOD_MATCH = YES;
				COPY_PHASE_STRIP = NO;
				DEBUG_INFORMATION_FORMAT = "dwarf-with-dsym";
				ENABLE_NS_ASSERTIONS = NO;
				ENABLE_STRICT_OBJC_MSGSEND = YES;
				GCC_C_LANGUAGE_STANDARD = gnu11;
				GCC_NO_COMMON_BLOCKS = YES;
				GCC_WARN_64_TO_32_BIT_CONVERSION = YES;
				GCC_WARN_ABOUT_RETURN_TYPE = YES_ERROR;
				GCC_WARN_UNDECLARED_SELECTOR = YES;
				GCC_WARN_UNINITIALIZED_AUTOS = YES_AGGRESSIVE;
				GCC_WARN_UNUSED_FUNCTION = YES;
				GCC_WARN_UNUSED_VARIABLE = YES;
				IPHONEOS_DEPLOYMENT_TARGET = 14.3;
				MTL_ENABLE_DEBUG_INFO = NO;
				MTL_FAST_MATH = YES;
				SDKROOT = iphoneos;
				SWIFT_COMPILATION_MODE = wholemodule;
				SWIFT_OPTIMIZATION_LEVEL = "-O";
				VALIDATE_PRODUCT = YES;
			};
			name = Release;
		};
		A8509170267BFACD0008FF44 /* Debug */ = {
			isa = XCBuildConfiguration;
			baseConfigurationReference = E18505461506E2760D36E433 /* Pods-Devrank_Exercise.debug.xcconfig */;
			buildSettings = {
				ASSETCATALOG_COMPILER_APPICON_NAME = AppIcon;
				ASSETCATALOG_COMPILER_GLOBAL_ACCENT_COLOR_NAME = AccentColor;
				CODE_SIGN_STYLE = Automatic;
				INFOPLIST_FILE = Devrank_Exercise/Info.plist;
				LD_RUNPATH_SEARCH_PATHS = (
					"$(inherited)",
					"@executable_path/Frameworks",
				);
				PRODUCT_BUNDLE_IDENTIFIER = "com.ranbeuer.Devrank-Exercise";
				PRODUCT_NAME = "$(TARGET_NAME)";
				SWIFT_VERSION = 5.0;
				TARGETED_DEVICE_FAMILY = "1,2";
			};
			name = Debug;
		};
		A8509171267BFACD0008FF44 /* Release */ = {
			isa = XCBuildConfiguration;
			baseConfigurationReference = 77D08AB58235BD43F523559E /* Pods-Devrank_Exercise.release.xcconfig */;
			buildSettings = {
				ASSETCATALOG_COMPILER_APPICON_NAME = AppIcon;
				ASSETCATALOG_COMPILER_GLOBAL_ACCENT_COLOR_NAME = AccentColor;
				CODE_SIGN_STYLE = Automatic;
				INFOPLIST_FILE = Devrank_Exercise/Info.plist;
				LD_RUNPATH_SEARCH_PATHS = (
					"$(inherited)",
					"@executable_path/Frameworks",
				);
				PRODUCT_BUNDLE_IDENTIFIER = "com.ranbeuer.Devrank-Exercise";
				PRODUCT_NAME = "$(TARGET_NAME)";
				SWIFT_VERSION = 5.0;
				TARGETED_DEVICE_FAMILY = "1,2";
			};
			name = Release;
		};
		A8509173267BFACD0008FF44 /* Debug */ = {
			isa = XCBuildConfiguration;
			buildSettings = {
				ALWAYS_EMBED_SWIFT_STANDARD_LIBRARIES = YES;
				BUNDLE_LOADER = "$(TEST_HOST)";
				CODE_SIGN_STYLE = Automatic;
				INFOPLIST_FILE = Devrank_ExerciseTests/Info.plist;
				IPHONEOS_DEPLOYMENT_TARGET = 14.3;
				LD_RUNPATH_SEARCH_PATHS = (
					"$(inherited)",
					"@executable_path/Frameworks",
					"@loader_path/Frameworks",
				);
				PRODUCT_BUNDLE_IDENTIFIER = "com.ranbeuer.Devrank-ExerciseTests";
				PRODUCT_NAME = "$(TARGET_NAME)";
				SWIFT_VERSION = 5.0;
				TARGETED_DEVICE_FAMILY = "1,2";
				TEST_HOST = "$(BUILT_PRODUCTS_DIR)/Devrank_Exercise.app/Devrank_Exercise";
			};
			name = Debug;
		};
		A8509174267BFACD0008FF44 /* Release */ = {
			isa = XCBuildConfiguration;
			buildSettings = {
				ALWAYS_EMBED_SWIFT_STANDARD_LIBRARIES = YES;
				BUNDLE_LOADER = "$(TEST_HOST)";
				CODE_SIGN_STYLE = Automatic;
				INFOPLIST_FILE = Devrank_ExerciseTests/Info.plist;
				IPHONEOS_DEPLOYMENT_TARGET = 14.3;
				LD_RUNPATH_SEARCH_PATHS = (
					"$(inherited)",
					"@executable_path/Frameworks",
					"@loader_path/Frameworks",
				);
				PRODUCT_BUNDLE_IDENTIFIER = "com.ranbeuer.Devrank-ExerciseTests";
				PRODUCT_NAME = "$(TARGET_NAME)";
				SWIFT_VERSION = 5.0;
				TARGETED_DEVICE_FAMILY = "1,2";
				TEST_HOST = "$(BUILT_PRODUCTS_DIR)/Devrank_Exercise.app/Devrank_Exercise";
			};
			name = Release;
		};
		A8509176267BFACD0008FF44 /* Debug */ = {
			isa = XCBuildConfiguration;
			buildSettings = {
				ALWAYS_EMBED_SWIFT_STANDARD_LIBRARIES = YES;
				CODE_SIGN_STYLE = Automatic;
				INFOPLIST_FILE = Devrank_ExerciseUITests/Info.plist;
				LD_RUNPATH_SEARCH_PATHS = (
					"$(inherited)",
					"@executable_path/Frameworks",
					"@loader_path/Frameworks",
				);
				PRODUCT_BUNDLE_IDENTIFIER = "com.ranbeuer.Devrank-ExerciseUITests";
				PRODUCT_NAME = "$(TARGET_NAME)";
				SWIFT_VERSION = 5.0;
				TARGETED_DEVICE_FAMILY = "1,2";
				TEST_TARGET_NAME = Devrank_Exercise;
			};
			name = Debug;
		};
		A8509177267BFACD0008FF44 /* Release */ = {
			isa = XCBuildConfiguration;
			buildSettings = {
				ALWAYS_EMBED_SWIFT_STANDARD_LIBRARIES = YES;
				CODE_SIGN_STYLE = Automatic;
				INFOPLIST_FILE = Devrank_ExerciseUITests/Info.plist;
				LD_RUNPATH_SEARCH_PATHS = (
					"$(inherited)",
					"@executable_path/Frameworks",
					"@loader_path/Frameworks",
				);
				PRODUCT_BUNDLE_IDENTIFIER = "com.ranbeuer.Devrank-ExerciseUITests";
				PRODUCT_NAME = "$(TARGET_NAME)";
				SWIFT_VERSION = 5.0;
				TARGETED_DEVICE_FAMILY = "1,2";
				TEST_TARGET_NAME = Devrank_Exercise;
			};
			name = Release;
		};
/* End XCBuildConfiguration section */

/* Begin XCConfigurationList section */
		A8509140267BFACB0008FF44 /* Build configuration list for PBXProject "Devrank_Exercise" */ = {
			isa = XCConfigurationList;
			buildConfigurations = (
				A850916D267BFACD0008FF44 /* Debug */,
				A850916E267BFACD0008FF44 /* Release */,
			);
			defaultConfigurationIsVisible = 0;
			defaultConfigurationName = Release;
		};
		A850916F267BFACD0008FF44 /* Build configuration list for PBXNativeTarget "Devrank_Exercise" */ = {
			isa = XCConfigurationList;
			buildConfigurations = (
				A8509170267BFACD0008FF44 /* Debug */,
				A8509171267BFACD0008FF44 /* Release */,
			);
			defaultConfigurationIsVisible = 0;
			defaultConfigurationName = Release;
		};
		A8509172267BFACD0008FF44 /* Build configuration list for PBXNativeTarget "Devrank_ExerciseTests" */ = {
			isa = XCConfigurationList;
			buildConfigurations = (
				A8509173267BFACD0008FF44 /* Debug */,
				A8509174267BFACD0008FF44 /* Release */,
			);
			defaultConfigurationIsVisible = 0;
			defaultConfigurationName = Release;
		};
		A8509175267BFACD0008FF44 /* Build configuration list for PBXNativeTarget "Devrank_ExerciseUITests" */ = {
			isa = XCConfigurationList;
			buildConfigurations = (
				A8509176267BFACD0008FF44 /* Debug */,
				A8509177267BFACD0008FF44 /* Release */,
			);
			defaultConfigurationIsVisible = 0;
			defaultConfigurationName = Release;
		};
/* End XCConfigurationList section */
	};
	rootObject = A850913D267BFACB0008FF44 /* Project object */;
}
